
Microsoft Visual Studio Solution File, Format Version 12.00
# Visual Studio Version 17
VisualStudioVersion = 17.6.33815.320
MinimumVisualStudioVersion = 10.0.40219.1
Project("{9A19103F-16F7-4668-BE54-9A1E7A4F7556}") = "Fibonacci", "Fibonacci\Fibonacci.csproj", "{65D0FB5C-8D02-44F8-89FA-5FD3B3BA9800}"
EndProject
Project("{FAE04EC0-301F-11D3-BF4B-00C04F79EFBC}") = "Pascal", "Pascal\Pascal.csproj", "{23F7B817-DE6D-4478-BF9B-2E1DDC9B003F}"
EndProject
Global
	GlobalSection(SolutionConfigurationPlatforms) = preSolution
		Debug|Any CPU = Debug|Any CPU
		Release|Any CPU = Release|Any CPU
	EndGlobalSection
	GlobalSection(ProjectConfigurationPlatforms) = postSolution
		{65D0FB5C-8D02-44F8-89FA-5FD3B3BA9800}.Debug|Any CPU.ActiveCfg = Debug|Any CPU
		{65D0FB5C-8D02-44F8-89FA-5FD3B3BA9800}.Debug|Any CPU.Build.0 = Debug|Any CPU
		{65D0FB5C-8D02-44F8-89FA-5FD3B3BA9800}.Release|Any CPU.ActiveCfg = Release|Any CPU
		{65D0FB5C-8D02-44F8-89FA-5FD3B3BA9800}.Release|Any CPU.Build.0 = Release|Any CPU
		{23F7B817-DE6D-4478-BF9B-2E1DDC9B003F}.Debug|Any CPU.ActiveCfg = Debug|Any CPU
		{23F7B817-DE6D-4478-BF9B-2E1DDC9B003F}.Debug|Any CPU.Build.0 = Debug|Any CPU
		{23F7B817-DE6D-4478-BF9B-2E1DDC9B003F}.Release|Any CPU.ActiveCfg = Release|Any CPU
		{23F7B817-DE6D-4478-BF9B-2E1DDC9B003F}.Release|Any CPU.Build.0 = Release|Any CPU
	EndGlobalSection
	GlobalSection(SolutionProperties) = preSolution
		HideSolutionNode = FALSE
	EndGlobalSection
	GlobalSection(ExtensibilityGlobals) = postSolution
		SolutionGuid = {C6BD0850-1B2D-48DF-AE31-76FE60B6DA7C}
	EndGlobalSection
EndGlobal
